
Microsoft Visual Studio Solution File, Format Version 12.00
# Visual Studio Version 17
VisualStudioVersion = 17.7.34221.43
MinimumVisualStudioVersion = 10.0.40219.1
Project("{8BC9CEB8-8B4A-11D0-8D11-00A0C91BC942}") = "Klk2014(Clio)", "Klk2014(Clio)\Klk2014(Clio).vcxproj", "{A342236B-66C6-43AF-8267-3EEED7DF2642}"
EndProject
Global
	GlobalSection(SolutionConfigurationPlatforms) = preSolution
		Debug|x64 = Debug|x64
		Debug|x86 = Debug|x86
		Release|x64 = Release|x64
		Release|x86 = Release|x86
	EndGlobalSection
	GlobalSection(ProjectConfigurationPlatforms) = postSolution
		{A342236B-66C6-43AF-8267-3EEED7DF2642}.Debug|x64.ActiveCfg = Debug|x64
		{A342236B-66C6-43AF-8267-3EEED7DF2642}.Debug|x64.Build.0 = Debug|x64
		{A342236B-66C6-43AF-8267-3EEED7DF2642}.Debug|x86.ActiveCfg = Debug|Win32
		{A342236B-66C6-43AF-8267-3EEED7DF2642}.Debug|x86.Build.0 = Debug|Win32
		{A342236B-66C6-43AF-8267-3EEED7DF2642}.Release|x64.ActiveCfg = Release|x64
		{A342236B-66C6-43AF-8267-3EEED7DF2642}.Release|x64.Build.0 = Release|x64
		{A342236B-66C6-43AF-8267-3EEED7DF2642}.Release|x86.ActiveCfg = Release|Win32
		{A342236B-66C6-43AF-8267-3EEED7DF2642}.Release|x86.Build.0 = Release|Win32
	EndGlobalSection
	GlobalSection(SolutionProperties) = preSolution
		HideSolutionNode = FALSE
	EndGlobalSection
	GlobalSection(ExtensibilityGlobals) = postSolution
		SolutionGuid = {901BF7C5-EC9A-4DBD-AC74-BB87B57CEEEF}
	EndGlobalSection
EndGlobal
